
Microsoft Visual Studio Solution File, Format Version 12.00
# Visual Studio 15
VisualStudioVersion = 15.0.28307.271
MinimumVisualStudioVersion = 10.0.40219.1
Project("{FAE04EC0-301F-11D3-BF4B-00C04F79EFBC}") = "ReverseMatrixLUP", "ReverseMatrixLUP\ReverseMatrixLUP.csproj", "{2389E2B2-E79C-422D-B155-D2E02B94F917}"
EndProject
Global
	GlobalSection(SolutionConfigurationPlatforms) = preSolution
		Debug|Any CPU = Debug|Any CPU
		Release|Any CPU = Release|Any CPU
	EndGlobalSection
	GlobalSection(ProjectConfigurationPlatforms) = postSolution
		{2389E2B2-E79C-422D-B155-D2E02B94F917}.Debug|Any CPU.ActiveCfg = Debug|Any CPU
		{2389E2B2-E79C-422D-B155-D2E02B94F917}.Debug|Any CPU.Build.0 = Debug|Any CPU
		{2389E2B2-E79C-422D-B155-D2E02B94F917}.Release|Any CPU.ActiveCfg = Release|Any CPU
		{2389E2B2-E79C-422D-B155-D2E02B94F917}.Release|Any CPU.Build.0 = Release|Any CPU
	EndGlobalSection
	GlobalSection(SolutionProperties) = preSolution
		HideSolutionNode = FALSE
	EndGlobalSection
	GlobalSection(ExtensibilityGlobals) = postSolution
		SolutionGuid = {1F0F5337-AC0D-4460-8878-1F84D0A7E556}
	EndGlobalSection
EndGlobal
